
Microsoft Visual Studio Solution File, Format Version 12.00
# Visual Studio Version 17
VisualStudioVersion = 17.5.002.0
MinimumVisualStudioVersion = 10.0.40219.1
Project("{9A19103F-16F7-4668-BE54-9A1E7A4F7556}") = "AP2", "AP2.csproj", "{7F0C8792-C24D-4C32-915A-AB44EA6C6D7A}"
EndProject
Global
	GlobalSection(SolutionConfigurationPlatforms) = preSolution
		Debug|Any CPU = Debug|Any CPU
		Release|Any CPU = Release|Any CPU
	EndGlobalSection
	GlobalSection(ProjectConfigurationPlatforms) = postSolution
		{7F0C8792-C24D-4C32-915A-AB44EA6C6D7A}.Debug|Any CPU.ActiveCfg = Debug|Any CPU
		{7F0C8792-C24D-4C32-915A-AB44EA6C6D7A}.Debug|Any CPU.Build.0 = Debug|Any CPU
		{7F0C8792-C24D-4C32-915A-AB44EA6C6D7A}.Release|Any CPU.ActiveCfg = Release|Any CPU
		{7F0C8792-C24D-4C32-915A-AB44EA6C6D7A}.Release|Any CPU.Build.0 = Release|Any CPU
	EndGlobalSection
	GlobalSection(SolutionProperties) = preSolution
		HideSolutionNode = FALSE
	EndGlobalSection
	GlobalSection(ExtensibilityGlobals) = postSolution
		SolutionGuid = {09744CEF-CB47-4B0E-BF71-82BBAA9AE26D}
	EndGlobalSection
EndGlobal
